
Microsoft Visual Studio Solution File, Format Version 12.00
# Visual Studio Version 17
VisualStudioVersion = 17.0.31903.59
MinimumVisualStudioVersion = 10.0.40219.1
Project("{2150E333-8FDC-42A3-9474-1A3956D46DE8}") = "src", "src", "{27B02C24-5C71-43B6-B5AB-F7676D2DC176}"
EndProject
Project("{FAE04EC0-301F-11D3-BF4B-00C04F79EFBC}") = "AuctionService", "src\AuctionService\AuctionService.csproj", "{651634D4-0099-4230-B98F-3F47C1F152AA}"
EndProject
Project("{FAE04EC0-301F-11D3-BF4B-00C04F79EFBC}") = "SearchService", "src\SearchService\SearchService.csproj", "{05B03E75-862E-4C49-BE7B-DB13802A81EB}"
EndProject
Project("{FAE04EC0-301F-11D3-BF4B-00C04F79EFBC}") = "Contracts", "src\Contracts\Contracts.csproj", "{11DF2E66-4F61-49F7-AABE-BCC5318017A2}"
EndProject
Project("{FAE04EC0-301F-11D3-BF4B-00C04F79EFBC}") = "IdentityService", "src\IdentityService\IdentityService.csproj", "{C391311F-C96F-49FE-BC92-C43A96430365}"
EndProject
Project("{FAE04EC0-301F-11D3-BF4B-00C04F79EFBC}") = "GatewayService", "src\GatewayService\GatewayService.csproj", "{1F184F40-354B-476B-A566-1BF71D36A6D9}"
EndProject
Global
	GlobalSection(SolutionConfigurationPlatforms) = preSolution
		Debug|Any CPU = Debug|Any CPU
		Release|Any CPU = Release|Any CPU
	EndGlobalSection
	GlobalSection(SolutionProperties) = preSolution
		HideSolutionNode = FALSE
	EndGlobalSection
	GlobalSection(ProjectConfigurationPlatforms) = postSolution
		{651634D4-0099-4230-B98F-3F47C1F152AA}.Debug|Any CPU.ActiveCfg = Debug|Any CPU
		{651634D4-0099-4230-B98F-3F47C1F152AA}.Debug|Any CPU.Build.0 = Debug|Any CPU
		{651634D4-0099-4230-B98F-3F47C1F152AA}.Release|Any CPU.ActiveCfg = Release|Any CPU
		{651634D4-0099-4230-B98F-3F47C1F152AA}.Release|Any CPU.Build.0 = Release|Any CPU
		{05B03E75-862E-4C49-BE7B-DB13802A81EB}.Debug|Any CPU.ActiveCfg = Debug|Any CPU
		{05B03E75-862E-4C49-BE7B-DB13802A81EB}.Debug|Any CPU.Build.0 = Debug|Any CPU
		{05B03E75-862E-4C49-BE7B-DB13802A81EB}.Release|Any CPU.ActiveCfg = Release|Any CPU
		{05B03E75-862E-4C49-BE7B-DB13802A81EB}.Release|Any CPU.Build.0 = Release|Any CPU
		{11DF2E66-4F61-49F7-AABE-BCC5318017A2}.Debug|Any CPU.ActiveCfg = Debug|Any CPU
		{11DF2E66-4F61-49F7-AABE-BCC5318017A2}.Debug|Any CPU.Build.0 = Debug|Any CPU
		{11DF2E66-4F61-49F7-AABE-BCC5318017A2}.Release|Any CPU.ActiveCfg = Release|Any CPU
		{11DF2E66-4F61-49F7-AABE-BCC5318017A2}.Release|Any CPU.Build.0 = Release|Any CPU
		{C391311F-C96F-49FE-BC92-C43A96430365}.Debug|Any CPU.ActiveCfg = Debug|Any CPU
		{C391311F-C96F-49FE-BC92-C43A96430365}.Debug|Any CPU.Build.0 = Debug|Any CPU
		{C391311F-C96F-49FE-BC92-C43A96430365}.Release|Any CPU.ActiveCfg = Release|Any CPU
		{C391311F-C96F-49FE-BC92-C43A96430365}.Release|Any CPU.Build.0 = Release|Any CPU
		{1F184F40-354B-476B-A566-1BF71D36A6D9}.Debug|Any CPU.ActiveCfg = Debug|Any CPU
		{1F184F40-354B-476B-A566-1BF71D36A6D9}.Debug|Any CPU.Build.0 = Debug|Any CPU
		{1F184F40-354B-476B-A566-1BF71D36A6D9}.Release|Any CPU.ActiveCfg = Release|Any CPU
		{1F184F40-354B-476B-A566-1BF71D36A6D9}.Release|Any CPU.Build.0 = Release|Any CPU
	EndGlobalSection
	GlobalSection(NestedProjects) = preSolution
		{651634D4-0099-4230-B98F-3F47C1F152AA} = {27B02C24-5C71-43B6-B5AB-F7676D2DC176}
		{05B03E75-862E-4C49-BE7B-DB13802A81EB} = {27B02C24-5C71-43B6-B5AB-F7676D2DC176}
		{11DF2E66-4F61-49F7-AABE-BCC5318017A2} = {27B02C24-5C71-43B6-B5AB-F7676D2DC176}
		{C391311F-C96F-49FE-BC92-C43A96430365} = {27B02C24-5C71-43B6-B5AB-F7676D2DC176}
		{1F184F40-354B-476B-A566-1BF71D36A6D9} = {27B02C24-5C71-43B6-B5AB-F7676D2DC176}
	EndGlobalSection
EndGlobal
